
Microsoft Visual Studio Solution File, Format Version 12.00
# Visual Studio Version 16
VisualStudioVersion = 16.0.30413.136
MinimumVisualStudioVersion = 10.0.40219.1
Project("{FAE04EC0-301F-11D3-BF4B-00C04F79EFBC}") = "UAgent", "UAgent.csproj", "{962BCA47-EECE-464F-9170-EC878E661B58}"
EndProject
Global
	GlobalSection(SolutionConfigurationPlatforms) = preSolution
		Debug|Any CPU = Debug|Any CPU
		Release|Any CPU = Release|Any CPU
	EndGlobalSection
	GlobalSection(ProjectConfigurationPlatforms) = postSolution
		{962BCA47-EECE-464F-9170-EC878E661B58}.Debug|Any CPU.ActiveCfg = Debug|Any CPU
		{962BCA47-EECE-464F-9170-EC878E661B58}.Debug|Any CPU.Build.0 = Debug|Any CPU
		{962BCA47-EECE-464F-9170-EC878E661B58}.Release|Any CPU.ActiveCfg = Release|Any CPU
		{962BCA47-EECE-464F-9170-EC878E661B58}.Release|Any CPU.Build.0 = Release|Any CPU
	EndGlobalSection
	GlobalSection(SolutionProperties) = preSolution
		HideSolutionNode = FALSE
	EndGlobalSection
	GlobalSection(ExtensibilityGlobals) = postSolution
		SolutionGuid = {D89B442C-042C-4666-8043-13D78B3B9BCD}
	EndGlobalSection
EndGlobal
